
Microsoft Visual Studio Solution File, Format Version 12.00
# Visual Studio 15
VisualStudioVersion = 15.0.27130.2024
MinimumVisualStudioVersion = 10.0.40219.1
Project("{FAE04EC0-301F-11D3-BF4B-00C04F79EFBC}") = "Sort_Csharp_UI", "Sort_Csharp\Sort_Csharp_UI.csproj", "{3C884EEA-F855-4C54-9700-D03DAF40AF70}"
EndProject
Project("{FAE04EC0-301F-11D3-BF4B-00C04F79EFBC}") = "Sort_Csharp_FW", "Sort_Csharp_FW\Sort_Csharp_FW.csproj", "{47B822AC-84D2-4F05-8458-45492CDB9CDB}"
EndProject
Project("{9A19103F-16F7-4668-BE54-9A1E7A4F7556}") = "Sort_Csharp_Core", "Sort_Csharp_Core\Sort_Csharp_Core.csproj", "{26093DD9-AF0D-4518-95B1-0EAFEF089DC1}"
EndProject
Project("{D954291E-2A0B-460D-934E-DC6B0785DB48}") = "Sort_Csharp_Lib", "Sort_Lib\Sort_Csharp_Lib.shproj", "{AFBC947A-31B7-4F24-9F90-D3570A12583A}"
EndProject
Project("{8BC9CEB8-8B4A-11D0-8D11-00A0C91BC942}") = "Sort_C++", "Sort_C++\Sort_C++.vcxproj", "{52F45945-1DE1-459C-9D46-3F583D67CCF8}"
EndProject
Global
	GlobalSection(SharedMSBuildProjectFiles) = preSolution
		Sort_Lib\Sort_Lib.projitems*{3c884eea-f855-4c54-9700-d03daf40af70}*SharedItemsImports = 4
		Sort_Lib\Sort_Lib.projitems*{47b822ac-84d2-4f05-8458-45492cdb9cdb}*SharedItemsImports = 4
		Sort_Lib\Sort_Lib.projitems*{afbc947a-31b7-4f24-9f90-d3570a12583a}*SharedItemsImports = 13
	EndGlobalSection
	GlobalSection(SolutionConfigurationPlatforms) = preSolution
		Debug|Any CPU = Debug|Any CPU
		Debug|x64 = Debug|x64
		Debug|x86 = Debug|x86
		Release|Any CPU = Release|Any CPU
		Release|x64 = Release|x64
		Release|x86 = Release|x86
	EndGlobalSection
	GlobalSection(ProjectConfigurationPlatforms) = postSolution
		{3C884EEA-F855-4C54-9700-D03DAF40AF70}.Debug|Any CPU.ActiveCfg = Debug|Any CPU
		{3C884EEA-F855-4C54-9700-D03DAF40AF70}.Debug|Any CPU.Build.0 = Debug|Any CPU
		{3C884EEA-F855-4C54-9700-D03DAF40AF70}.Debug|x64.ActiveCfg = Debug|Any CPU
		{3C884EEA-F855-4C54-9700-D03DAF40AF70}.Debug|x64.Build.0 = Debug|Any CPU
		{3C884EEA-F855-4C54-9700-D03DAF40AF70}.Debug|x86.ActiveCfg = Debug|Any CPU
		{3C884EEA-F855-4C54-9700-D03DAF40AF70}.Debug|x86.Build.0 = Debug|Any CPU
		{3C884EEA-F855-4C54-9700-D03DAF40AF70}.Release|Any CPU.ActiveCfg = Release|Any CPU
		{3C884EEA-F855-4C54-9700-D03DAF40AF70}.Release|Any CPU.Build.0 = Release|Any CPU
		{3C884EEA-F855-4C54-9700-D03DAF40AF70}.Release|x64.ActiveCfg = Release|Any CPU
		{3C884EEA-F855-4C54-9700-D03DAF40AF70}.Release|x64.Build.0 = Release|Any CPU
		{3C884EEA-F855-4C54-9700-D03DAF40AF70}.Release|x86.ActiveCfg = Release|Any CPU
		{3C884EEA-F855-4C54-9700-D03DAF40AF70}.Release|x86.Build.0 = Release|Any CPU
		{47B822AC-84D2-4F05-8458-45492CDB9CDB}.Debug|Any CPU.ActiveCfg = Debug|Any CPU
		{47B822AC-84D2-4F05-8458-45492CDB9CDB}.Debug|Any CPU.Build.0 = Debug|Any CPU
		{47B822AC-84D2-4F05-8458-45492CDB9CDB}.Debug|x64.ActiveCfg = Debug|Any CPU
		{47B822AC-84D2-4F05-8458-45492CDB9CDB}.Debug|x64.Build.0 = Debug|Any CPU
		{47B822AC-84D2-4F05-8458-45492CDB9CDB}.Debug|x86.ActiveCfg = Debug|Any CPU
		{47B822AC-84D2-4F05-8458-45492CDB9CDB}.Debug|x86.Build.0 = Debug|Any CPU
		{47B822AC-84D2-4F05-8458-45492CDB9CDB}.Release|Any CPU.ActiveCfg = Release|Any CPU
		{47B822AC-84D2-4F05-8458-45492CDB9CDB}.Release|Any CPU.Build.0 = Release|Any CPU
		{47B822AC-84D2-4F05-8458-45492CDB9CDB}.Release|x64.ActiveCfg = Release|Any CPU
		{47B822AC-84D2-4F05-8458-45492CDB9CDB}.Release|x64.Build.0 = Release|Any CPU
		{47B822AC-84D2-4F05-8458-45492CDB9CDB}.Release|x86.ActiveCfg = Release|Any CPU
		{47B822AC-84D2-4F05-8458-45492CDB9CDB}.Release|x86.Build.0 = Release|Any CPU
		{26093DD9-AF0D-4518-95B1-0EAFEF089DC1}.Debug|Any CPU.ActiveCfg = Debug|Any CPU
		{26093DD9-AF0D-4518-95B1-0EAFEF089DC1}.Debug|Any CPU.Build.0 = Debug|Any CPU
		{26093DD9-AF0D-4518-95B1-0EAFEF089DC1}.Debug|x64.ActiveCfg = Debug|Any CPU
		{26093DD9-AF0D-4518-95B1-0EAFEF089DC1}.Debug|x64.Build.0 = Debug|Any CPU
		{26093DD9-AF0D-4518-95B1-0EAFEF089DC1}.Debug|x86.ActiveCfg = Debug|Any CPU
		{26093DD9-AF0D-4518-95B1-0EAFEF089DC1}.Debug|x86.Build.0 = Debug|Any CPU
		{26093DD9-AF0D-4518-95B1-0EAFEF089DC1}.Release|Any CPU.ActiveCfg = Release|Any CPU
		{26093DD9-AF0D-4518-95B1-0EAFEF089DC1}.Release|Any CPU.Build.0 = Release|Any CPU
		{26093DD9-AF0D-4518-95B1-0EAFEF089DC1}.Release|x64.ActiveCfg = Release|Any CPU
		{26093DD9-AF0D-4518-95B1-0EAFEF089DC1}.Release|x64.Build.0 = Release|Any CPU
		{26093DD9-AF0D-4518-95B1-0EAFEF089DC1}.Release|x86.ActiveCfg = Release|Any CPU
		{26093DD9-AF0D-4518-95B1-0EAFEF089DC1}.Release|x86.Build.0 = Release|Any CPU
		{52F45945-1DE1-459C-9D46-3F583D67CCF8}.Debug|Any CPU.ActiveCfg = Debug|Win32
		{52F45945-1DE1-459C-9D46-3F583D67CCF8}.Debug|Any CPU.Build.0 = Debug|Win32
		{52F45945-1DE1-459C-9D46-3F583D67CCF8}.Debug|x64.ActiveCfg = Debug|x64
		{52F45945-1DE1-459C-9D46-3F583D67CCF8}.Debug|x64.Build.0 = Debug|x64
		{52F45945-1DE1-459C-9D46-3F583D67CCF8}.Debug|x86.ActiveCfg = Debug|Win32
		{52F45945-1DE1-459C-9D46-3F583D67CCF8}.Debug|x86.Build.0 = Debug|Win32
		{52F45945-1DE1-459C-9D46-3F583D67CCF8}.Release|Any CPU.ActiveCfg = Release|Win32
		{52F45945-1DE1-459C-9D46-3F583D67CCF8}.Release|Any CPU.Build.0 = Release|Win32
		{52F45945-1DE1-459C-9D46-3F583D67CCF8}.Release|x64.ActiveCfg = Release|x64
		{52F45945-1DE1-459C-9D46-3F583D67CCF8}.Release|x64.Build.0 = Release|x64
		{52F45945-1DE1-459C-9D46-3F583D67CCF8}.Release|x86.ActiveCfg = Release|Win32
		{52F45945-1DE1-459C-9D46-3F583D67CCF8}.Release|x86.Build.0 = Release|Win32
	EndGlobalSection
	GlobalSection(SolutionProperties) = preSolution
		HideSolutionNode = FALSE
	EndGlobalSection
	GlobalSection(ExtensibilityGlobals) = postSolution
		SolutionGuid = {FACE4FC4-5F4D-4AD7-8672-46E84DC2367F}
	EndGlobalSection
EndGlobal
